// !$*UTF8*$!
{
	archiveVersion = 1;
	classes = {
	};
	objectVersion = 50;
	objects = {

/* Begin PBXBuildFile section */
		95019A2224202BF000F339AA /* LeftViewController.swift in Sources */ = {isa = PBXBuildFile; fileRef = 95019A2124202BF000F339AA /* LeftViewController.swift */; };
		95019A2424202C0B00F339AA /* RightViewController.swift in Sources */ = {isa = PBXBuildFile; fileRef = 95019A2324202C0B00F339AA /* RightViewController.swift */; };
		9541CDB321F5D52D00A9DC41 /* XsltStudioProject.swift in Sources */ = {isa = PBXBuildFile; fileRef = 9541CDB221F5D52D00A9DC41 /* XsltStudioProject.swift */; };
		955FA25E24070F8400811B5C /* XSL Transformations (XSLT).html in Resources */ = {isa = PBXBuildFile; fileRef = 955FA25D24070F8400811B5C /* XSL Transformations (XSLT).html */; };
		955FA260240714A600811B5C /* RefGuideWindowController.swift in Sources */ = {isa = PBXBuildFile; fileRef = 955FA25F240714A600811B5C /* RefGuideWindowController.swift */; };
		955FA2622407154B00811B5C /* RefGuideWindow.xib in Resources */ = {isa = PBXBuildFile; fileRef = 955FA2612407154B00811B5C /* RefGuideWindow.xib */; };
		95923E5721D56425005FCD24 /* AppDelegate.swift in Sources */ = {isa = PBXBuildFile; fileRef = 95923E5621D56425005FCD24 /* AppDelegate.swift */; };
		95923E5921D56425005FCD24 /* XSLTStudioViewController.swift in Sources */ = {isa = PBXBuildFile; fileRef = 95923E5821D56425005FCD24 /* XSLTStudioViewController.swift */; };
		95923E5B21D56425005FCD24 /* Document.swift in Sources */ = {isa = PBXBuildFile; fileRef = 95923E5A21D56425005FCD24 /* Document.swift */; };
		95923E5D21D56426005FCD24 /* Assets.xcassets in Resources */ = {isa = PBXBuildFile; fileRef = 95923E5C21D56426005FCD24 /* Assets.xcassets */; };
		95923E6021D56426005FCD24 /* Main.storyboard in Resources */ = {isa = PBXBuildFile; fileRef = 95923E5E21D56426005FCD24 /* Main.storyboard */; };
		95D8A9D521DCC4040004285C /* XMLSchema.xsd.xml in Resources */ = {isa = PBXBuildFile; fileRef = 95D8A9D121DCC4040004285C /* XMLSchema.xsd.xml */; };
		95D8A9D621DCC4040004285C /* gpx_xsd.xml in Resources */ = {isa = PBXBuildFile; fileRef = 95D8A9D221DCC4040004285C /* gpx_xsd.xml */; };
		95D8A9E421DCDC0E0004285C /* TopLeftViewController.swift in Sources */ = {isa = PBXBuildFile; fileRef = 95D8A9E321DCDC0E0004285C /* TopLeftViewController.swift */; };
		95D8A9E621DCDCA60004285C /* BottomLeftViewController.swift in Sources */ = {isa = PBXBuildFile; fileRef = 95D8A9E521DCDCA60004285C /* BottomLeftViewController.swift */; };
		95D8A9EB21DD01F90004285C /* TopRightViewController.swift in Sources */ = {isa = PBXBuildFile; fileRef = 95D8A9E921DD01F90004285C /* TopRightViewController.swift */; };
		95D8A9EE21DD02220004285C /* BottomRightViewController.swift in Sources */ = {isa = PBXBuildFile; fileRef = 95D8A9ED21DD02220004285C /* BottomRightViewController.swift */; };
/* End PBXBuildFile section */

/* Begin PBXFileReference section */
		95019A2124202BF000F339AA /* LeftViewController.swift */ = {isa = PBXFileReference; lastKnownFileType = sourcecode.swift; path = LeftViewController.swift; sourceTree = "<group>"; };
		95019A2324202C0B00F339AA /* RightViewController.swift */ = {isa = PBXFileReference; lastKnownFileType = sourcecode.swift; path = RightViewController.swift; sourceTree = "<group>"; };
		9541CDB221F5D52D00A9DC41 /* XsltStudioProject.swift */ = {isa = PBXFileReference; lastKnownFileType = sourcecode.swift; path = XsltStudioProject.swift; sourceTree = "<group>"; };
		955FA25C2406AA0900811B5C /* en */ = {isa = PBXFileReference; lastKnownFileType = text.plist.strings; name = en; path = en.lproj/Main.strings; sourceTree = "<group>"; };
		955FA25D24070F8400811B5C /* XSL Transformations (XSLT).html */ = {isa = PBXFileReference; fileEncoding = 4; lastKnownFileType = text.html; path = "XSL Transformations (XSLT).html"; sourceTree = "<group>"; };
		955FA25F240714A600811B5C /* RefGuideWindowController.swift */ = {isa = PBXFileReference; lastKnownFileType = sourcecode.swift; path = RefGuideWindowController.swift; sourceTree = "<group>"; };
		955FA2612407154B00811B5C /* RefGuideWindow.xib */ = {isa = PBXFileReference; lastKnownFileType = file.xib; path = RefGuideWindow.xib; sourceTree = "<group>"; };
		95923E5321D56425005FCD24 /* XSLT Studio.app */ = {isa = PBXFileReference; explicitFileType = wrapper.application; includeInIndex = 0; path = "XSLT Studio.app"; sourceTree = BUILT_PRODUCTS_DIR; };
		95923E5621D56425005FCD24 /* AppDelegate.swift */ = {isa = PBXFileReference; lastKnownFileType = sourcecode.swift; path = AppDelegate.swift; sourceTree = "<group>"; };
		95923E5821D56425005FCD24 /* XSLTStudioViewController.swift */ = {isa = PBXFileReference; lastKnownFileType = sourcecode.swift; path = XSLTStudioViewController.swift; sourceTree = "<group>"; };
		95923E5A21D56425005FCD24 /* Document.swift */ = {isa = PBXFileReference; lastKnownFileType = sourcecode.swift; path = Document.swift; sourceTree = "<group>"; };
		95923E5C21D56426005FCD24 /* Assets.xcassets */ = {isa = PBXFileReference; lastKnownFileType = folder.assetcatalog; path = Assets.xcassets; sourceTree = "<group>"; };
		95923E5F21D56426005FCD24 /* Base */ = {isa = PBXFileReference; lastKnownFileType = file.storyboard; name = Base; path = Base.lproj/Main.storyboard; sourceTree = "<group>"; };
		95923E6121D56426005FCD24 /* Info.plist */ = {isa = PBXFileReference; lastKnownFileType = text.plist.xml; path = Info.plist; sourceTree = "<group>"; };
		95923E6221D56426005FCD24 /* XSLT_Studio.entitlements */ = {isa = PBXFileReference; lastKnownFileType = text.plist.entitlements; path = XSLT_Studio.entitlements; sourceTree = "<group>"; };
		95A485922403DCBD00AAA21B /* nl */ = {isa = PBXFileReference; lastKnownFileType = text.plist.strings; name = nl; path = nl.lproj/Main.strings; sourceTree = "<group>"; };
		95B505A2222DB90000D530A1 /* test.gpx */ = {isa = PBXFileReference; lastKnownFileType = text.xml; name = test.gpx; path = ../../../../Desktop/test.gpx; sourceTree = "<group>"; };
		95D8A9D121DCC4040004285C /* XMLSchema.xsd.xml */ = {isa = PBXFileReference; fileEncoding = 4; lastKnownFileType = text.xml; path = XMLSchema.xsd.xml; sourceTree = "<group>"; };
		95D8A9D221DCC4040004285C /* gpx_xsd.xml */ = {isa = PBXFileReference; fileEncoding = 4; lastKnownFileType = text.xml; path = gpx_xsd.xml; sourceTree = "<group>"; };
		95D8A9E321DCDC0E0004285C /* TopLeftViewController.swift */ = {isa = PBXFileReference; lastKnownFileType = sourcecode.swift; path = TopLeftViewController.swift; sourceTree = "<group>"; };
		95D8A9E521DCDCA60004285C /* BottomLeftViewController.swift */ = {isa = PBXFileReference; lastKnownFileType = sourcecode.swift; path = BottomLeftViewController.swift; sourceTree = "<group>"; };
		95D8A9E921DD01F90004285C /* TopRightViewController.swift */ = {isa = PBXFileReference; lastKnownFileType = sourcecode.swift; path = TopRightViewController.swift; sourceTree = "<group>"; };
		95D8A9ED21DD02220004285C /* BottomRightViewController.swift */ = {isa = PBXFileReference; lastKnownFileType = sourcecode.swift; path = BottomRightViewController.swift; sourceTree = "<group>"; };
/* End PBXFileReference section */

/* Begin PBXFrameworksBuildPhase section */
		95923E5021D56425005FCD24 /* Frameworks */ = {
			isa = PBXFrameworksBuildPhase;
			buildActionMask = 2147483647;
			files = (
			);
			runOnlyForDeploymentPostprocessing = 0;
		};
/* End PBXFrameworksBuildPhase section */

/* Begin PBXGroup section */
		95923E4A21D56425005FCD24 = {
			isa = PBXGroup;
			children = (
				95D8A9D721DCC5520004285C /* Resources */,
				95923E5521D56425005FCD24 /* XSLT Studio */,
				95923E5421D56425005FCD24 /* Products */,
			);
			sourceTree = "<group>";
		};
		95923E5421D56425005FCD24 /* Products */ = {
			isa = PBXGroup;
			children = (
				95923E5321D56425005FCD24 /* XSLT Studio.app */,
			);
			name = Products;
			sourceTree = "<group>";
		};
		95923E5521D56425005FCD24 /* XSLT Studio */ = {
			isa = PBXGroup;
			children = (
				95BC78402418EB4D0056B566 /* Model */,
				95019A2124202BF000F339AA /* LeftViewController.swift */,
				95D8A9E321DCDC0E0004285C /* TopLeftViewController.swift */,
				95D8A9E521DCDCA60004285C /* BottomLeftViewController.swift */,
				95019A2324202C0B00F339AA /* RightViewController.swift */,
				95D8A9E921DD01F90004285C /* TopRightViewController.swift */,
				95D8A9ED21DD02220004285C /* BottomRightViewController.swift */,
				955FA25F240714A600811B5C /* RefGuideWindowController.swift */,
				955FA2612407154B00811B5C /* RefGuideWindow.xib */,
				95923E5621D56425005FCD24 /* AppDelegate.swift */,
				95923E5821D56425005FCD24 /* XSLTStudioViewController.swift */,
				95B505A2222DB90000D530A1 /* test.gpx */,
				95923E5A21D56425005FCD24 /* Document.swift */,
				95923E5C21D56426005FCD24 /* Assets.xcassets */,
				95923E5E21D56426005FCD24 /* Main.storyboard */,
				95923E6121D56426005FCD24 /* Info.plist */,
				95923E6221D56426005FCD24 /* XSLT_Studio.entitlements */,
				95D8A9D821DCC56A0004285C /* Resources */,
			);
			path = "XSLT Studio";
			sourceTree = "<group>";
		};
		95BC78402418EB4D0056B566 /* Model */ = {
			isa = PBXGroup;
			children = (
				9541CDB221F5D52D00A9DC41 /* XsltStudioProject.swift */,
			);
			path = Model;
			sourceTree = "<group>";
		};
		95D8A9D721DCC5520004285C /* Resources */ = {
			isa = PBXGroup;
			children = (
			);
			path = Resources;
			sourceTree = "<group>";
		};
		95D8A9D821DCC56A0004285C /* Resources */ = {
			isa = PBXGroup;
			children = (
				955FA25D24070F8400811B5C /* XSL Transformations (XSLT).html */,
				95D8A9D221DCC4040004285C /* gpx_xsd.xml */,
				95D8A9D121DCC4040004285C /* XMLSchema.xsd.xml */,
			);
			path = Resources;
			sourceTree = "<group>";
		};
/* End PBXGroup section */

/* Begin PBXNativeTarget section */
		95923E5221D56425005FCD24 /* XSLT Studio */ = {
			isa = PBXNativeTarget;
			buildConfigurationList = 95923E6521D56426005FCD24 /* Build configuration list for PBXNativeTarget "XSLT Studio" */;
			buildPhases = (
				95923E4F21D56425005FCD24 /* Sources */,
				95923E5021D56425005FCD24 /* Frameworks */,
				95923E5121D56425005FCD24 /* Resources */,
			);
			buildRules = (
			);
			dependencies = (
			);
			name = "XSLT Studio";
			productName = "XSLT Studio";
			productReference = 95923E5321D56425005FCD24 /* XSLT Studio.app */;
			productType = "com.apple.product-type.application";
		};
/* End PBXNativeTarget section */

/* Begin PBXProject section */
		95923E4B21D56425005FCD24 /* Project object */ = {
			isa = PBXProject;
			attributes = {
				LastSwiftUpdateCheck = 1010;
				LastUpgradeCheck = 1110;
				ORGANIZATIONNAME = "Jagerman Services";
				TargetAttributes = {
					95923E5221D56425005FCD24 = {
						CreatedOnToolsVersion = 10.1;
						LastSwiftMigration = 1020;
					};
				};
			};
			buildConfigurationList = 95923E4E21D56425005FCD24 /* Build configuration list for PBXProject "XSLT Studio" */;
			compatibilityVersion = "Xcode 9.3";
			developmentRegion = en;
			hasScannedForEncodings = 0;
			knownRegions = (
				en,
				Base,
				nl,
			);
			mainGroup = 95923E4A21D56425005FCD24;
			productRefGroup = 95923E5421D56425005FCD24 /* Products */;
			projectDirPath = "";
			projectRoot = "";
			targets = (
				95923E5221D56425005FCD24 /* XSLT Studio */,
			);
		};
/* End PBXProject section */

/* Begin PBXResourcesBuildPhase section */
		95923E5121D56425005FCD24 /* Resources */ = {
			isa = PBXResourcesBuildPhase;
			buildActionMask = 2147483647;
			files = (
				95D8A9D621DCC4040004285C /* gpx_xsd.xml in Resources */,
				95923E5D21D56426005FCD24 /* Assets.xcassets in Resources */,
				955FA2622407154B00811B5C /* RefGuideWindow.xib in Resources */,
				95923E6021D56426005FCD24 /* Main.storyboard in Resources */,
				95D8A9D521DCC4040004285C /* XMLSchema.xsd.xml in Resources */,
				955FA25E24070F8400811B5C /* XSL Transformations (XSLT).html in Resources */,
			);
			runOnlyForDeploymentPostprocessing = 0;
		};
/* End PBXResourcesBuildPhase section */

/* Begin PBXSourcesBuildPhase section */
		95923E4F21D56425005FCD24 /* Sources */ = {
			isa = PBXSourcesBuildPhase;
			buildActionMask = 2147483647;
			files = (
				95D8A9EE21DD02220004285C /* BottomRightViewController.swift in Sources */,
				95D8A9EB21DD01F90004285C /* TopRightViewController.swift in Sources */,
				95923E5921D56425005FCD24 /* XSLTStudioViewController.swift in Sources */,
				95019A2424202C0B00F339AA /* RightViewController.swift in Sources */,
				95019A2224202BF000F339AA /* LeftViewController.swift in Sources */,
				95923E5721D56425005FCD24 /* AppDelegate.swift in Sources */,
				9541CDB321F5D52D00A9DC41 /* XsltStudioProject.swift in Sources */,
				95D8A9E421DCDC0E0004285C /* TopLeftViewController.swift in Sources */,
				95D8A9E621DCDCA60004285C /* BottomLeftViewController.swift in Sources */,
				955FA260240714A600811B5C /* RefGuideWindowController.swift in Sources */,
				95923E5B21D56425005FCD24 /* Document.swift in Sources */,
			);
			runOnlyForDeploymentPostprocessing = 0;
		};
/* End PBXSourcesBuildPhase section */

/* Begin PBXVariantGroup section */
		95923E5E21D56426005FCD24 /* Main.storyboard */ = {
			isa = PBXVariantGroup;
			children = (
				95923E5F21D56426005FCD24 /* Base */,
				95A485922403DCBD00AAA21B /* nl */,
				955FA25C2406AA0900811B5C /* en */,
			);
			name = Main.storyboard;
			sourceTree = "<group>";
		};
/* End PBXVariantGroup section */

/* Begin XCBuildConfiguration section */
		95923E6321D56426005FCD24 /* Debug */ = {
			isa = XCBuildConfiguration;
			buildSettings = {
				ALWAYS_SEARCH_USER_PATHS = NO;
				CLANG_ANALYZER_LOCALIZABILITY_NONLOCALIZED = YES;
				CLANG_ANALYZER_NONNULL = YES;
				CLANG_ANALYZER_NUMBER_OBJECT_CONVERSION = YES_AGGRESSIVE;
				CLANG_CXX_LANGUAGE_STANDARD = "gnu++14";
				CLANG_CXX_LIBRARY = "libc++";
				CLANG_ENABLE_MODULES = YES;
				CLANG_ENABLE_OBJC_ARC = YES;
				CLANG_ENABLE_OBJC_WEAK = YES;
				CLANG_WARN_BLOCK_CAPTURE_AUTORELEASING = YES;
				CLANG_WARN_BOOL_CONVERSION = YES;
				CLANG_WARN_COMMA = YES;
				CLANG_WARN_CONSTANT_CONVERSION = YES;
				CLANG_WARN_DEPRECATED_OBJC_IMPLEMENTATIONS = YES;
				CLANG_WARN_DIRECT_OBJC_ISA_USAGE = YES_ERROR;
				CLANG_WARN_DOCUMENTATION_COMMENTS = YES;
				CLANG_WARN_EMPTY_BODY = YES;
				CLANG_WARN_ENUM_CONVERSION = YES;
				CLANG_WARN_INFINITE_RECURSION = YES;
				CLANG_WARN_INT_CONVERSION = YES;
				CLANG_WARN_NON_LITERAL_NULL_CONVERSION = YES;
				CLANG_WARN_OBJC_IMPLICIT_RETAIN_SELF = YES;
				CLANG_WARN_OBJC_LITERAL_CONVERSION = YES;
				CLANG_WARN_OBJC_ROOT_CLASS = YES_ERROR;
				CLANG_WARN_RANGE_LOOP_ANALYSIS = YES;
				CLANG_WARN_STRICT_PROTOTYPES = YES;
				CLANG_WARN_SUSPICIOUS_MOVE = YES;
				CLANG_WARN_UNGUARDED_AVAILABILITY = YES_AGGRESSIVE;
				CLANG_WARN_UNREACHABLE_CODE = YES;
				CLANG_WARN__DUPLICATE_METHOD_MATCH = YES;
				CODE_SIGN_IDENTITY = "Mac Developer";
				COPY_PHASE_STRIP = NO;
				DEBUG_INFORMATION_FORMAT = dwarf;
				ENABLE_STRICT_OBJC_MSGSEND = YES;
				ENABLE_TESTABILITY = YES;
				GCC_C_LANGUAGE_STANDARD = gnu11;
				GCC_DYNAMIC_NO_PIC = NO;
				GCC_NO_COMMON_BLOCKS = YES;
				GCC_OPTIMIZATION_LEVEL = 0;
				GCC_PREPROCESSOR_DEFINITIONS = (
					"DEBUG=1",
					"$(inherited)",
				);
				GCC_WARN_64_TO_32_BIT_CONVERSION = YES;
				GCC_WARN_ABOUT_RETURN_TYPE = YES_ERROR;
				GCC_WARN_UNDECLARED_SELECTOR = YES;
				GCC_WARN_UNINITIALIZED_AUTOS = YES_AGGRESSIVE;
				GCC_WARN_UNUSED_FUNCTION = YES;
				GCC_WARN_UNUSED_VARIABLE = YES;
				MACOSX_DEPLOYMENT_TARGET = 10.15;
				MTL_ENABLE_DEBUG_INFO = INCLUDE_SOURCE;
				MTL_FAST_MATH = YES;
				ONLY_ACTIVE_ARCH = YES;
				SDKROOT = macosx;
				SWIFT_ACTIVE_COMPILATION_CONDITIONS = DEBUG;
				SWIFT_OPTIMIZATION_LEVEL = "-Onone";
			};
			name = Debug;
		};
		95923E6421D56426005FCD24 /* Release */ = {
			isa = XCBuildConfiguration;
			buildSettings = {
				ALWAYS_SEARCH_USER_PATHS = NO;
				CLANG_ANALYZER_LOCALIZABILITY_NONLOCALIZED = YES;
				CLANG_ANALYZER_NONNULL = YES;
				CLANG_ANALYZER_NUMBER_OBJECT_CONVERSION = YES_AGGRESSIVE;
				CLANG_CXX_LANGUAGE_STANDARD = "gnu++14";
				CLANG_CXX_LIBRARY = "libc++";
				CLANG_ENABLE_MODULES = YES;
				CLANG_ENABLE_OBJC_ARC = YES;
				CLANG_ENABLE_OBJC_WEAK = YES;
				CLANG_WARN_BLOCK_CAPTURE_AUTORELEASING = YES;
				CLANG_WARN_BOOL_CONVERSION = YES;
				CLANG_WARN_COMMA = YES;
				CLANG_WARN_CONSTANT_CONVERSION = YES;
				CLANG_WARN_DEPRECATED_OBJC_IMPLEMENTATIONS = YES;
				CLANG_WARN_DIRECT_OBJC_ISA_USAGE = YES_ERROR;
				CLANG_WARN_DOCUMENTATION_COMMENTS = YES;
				CLANG_WARN_EMPTY_BODY = YES;
				CLANG_WARN_ENUM_CONVERSION = YES;
				CLANG_WARN_INFINITE_RECURSION = YES;
				CLANG_WARN_INT_CONVERSION = YES;
				CLANG_WARN_NON_LITERAL_NULL_CONVERSION = YES;
				CLANG_WARN_OBJC_IMPLICIT_RETAIN_SELF = YES;
				CLANG_WARN_OBJC_LITERAL_CONVERSION = YES;
				CLANG_WARN_OBJC_ROOT_CLASS = YES_ERROR;
				CLANG_WARN_RANGE_LOOP_ANALYSIS = YES;
				CLANG_WARN_STRICT_PROTOTYPES = YES;
				CLANG_WARN_SUSPICIOUS_MOVE = YES;
				CLANG_WARN_UNGUARDED_AVAILABILITY = YES_AGGRESSIVE;
				CLANG_WARN_UNREACHABLE_CODE = YES;
				CLANG_WARN__DUPLICATE_METHOD_MATCH = YES;
				CODE_SIGN_IDENTITY = "Mac Developer";
				COPY_PHASE_STRIP = NO;
				DEBUG_INFORMATION_FORMAT = "dwarf-with-dsym";
				ENABLE_NS_ASSERTIONS = NO;
				ENABLE_STRICT_OBJC_MSGSEND = YES;
				GCC_C_LANGUAGE_STANDARD = gnu11;
				GCC_NO_COMMON_BLOCKS = YES;
				GCC_WARN_64_TO_32_BIT_CONVERSION = YES;
				GCC_WARN_ABOUT_RETURN_TYPE = YES_ERROR;
				GCC_WARN_UNDECLARED_SELECTOR = YES;
				GCC_WARN_UNINITIALIZED_AUTOS = YES_AGGRESSIVE;
				GCC_WARN_UNUSED_FUNCTION = YES;
				GCC_WARN_UNUSED_VARIABLE = YES;
				MACOSX_DEPLOYMENT_TARGET = 10.15;
				MTL_ENABLE_DEBUG_INFO = NO;
				MTL_FAST_MATH = YES;
				SDKROOT = macosx;
				SWIFT_COMPILATION_MODE = wholemodule;
				SWIFT_OPTIMIZATION_LEVEL = "-O";
			};
			name = Release;
		};
		95923E6621D56426005FCD24 /* Debug */ = {
			isa = XCBuildConfiguration;
			buildSettings = {
				ASSETCATALOG_COMPILER_APPICON_NAME = AppIcon;
				CODE_SIGN_IDENTITY = "-";
				CODE_SIGN_STYLE = Automatic;
				COMBINE_HIDPI_IMAGES = YES;
				DEVELOPMENT_TEAM = P88BQ27E4Z;
				INFOPLIST_FILE = "XSLT Studio/Info.plist";
				LD_RUNPATH_SEARCH_PATHS = (
					"$(inherited)",
					"@executable_path/../Frameworks",
				);
				PRODUCT_BUNDLE_IDENTIFIER = "Freek-Jagerman.XSLT-Studio";
				PRODUCT_NAME = "$(TARGET_NAME)";
				SWIFT_VERSION = 5.0;
			};
			name = Debug;
		};
		95923E6721D56426005FCD24 /* Release */ = {
			isa = XCBuildConfiguration;
			buildSettings = {
				ASSETCATALOG_COMPILER_APPICON_NAME = AppIcon;
				CODE_SIGN_IDENTITY = "-";
				CODE_SIGN_STYLE = Automatic;
				COMBINE_HIDPI_IMAGES = YES;
				DEVELOPMENT_TEAM = P88BQ27E4Z;
				INFOPLIST_FILE = "XSLT Studio/Info.plist";
				LD_RUNPATH_SEARCH_PATHS = (
					"$(inherited)",
					"@executable_path/../Frameworks",
				);
				PRODUCT_BUNDLE_IDENTIFIER = "Freek-Jagerman.XSLT-Studio";
				PRODUCT_NAME = "$(TARGET_NAME)";
				SWIFT_VERSION = 5.0;
			};
			name = Release;
		};
/* End XCBuildConfiguration section */

/* Begin XCConfigurationList section */
		95923E4E21D56425005FCD24 /* Build configuration list for PBXProject "XSLT Studio" */ = {
			isa = XCConfigurationList;
			buildConfigurations = (
				95923E6321D56426005FCD24 /* Debug */,
				95923E6421D56426005FCD24 /* Release */,
			);
			defaultConfigurationIsVisible = 0;
			defaultConfigurationName = Release;
		};
		95923E6521D56426005FCD24 /* Build configuration list for PBXNativeTarget "XSLT Studio" */ = {
			isa = XCConfigurationList;
			buildConfigurations = (
				95923E6621D56426005FCD24 /* Debug */,
				95923E6721D56426005FCD24 /* Release */,
			);
			defaultConfigurationIsVisible = 0;
			defaultConfigurationName = Release;
		};
/* End XCConfigurationList section */
	};
	rootObject = 95923E4B21D56425005FCD24 /* Project object */;
}
